
Microsoft Visual Studio Solution File, Format Version 11.00
# Visual Studio 2010
Project("{FAE04EC0-301F-11D3-BF4B-00C04F79EFBC}") = "Whispering Gallerr", "Assembly-CSharp.csproj", "{4991377A-4B4D-C25C-976A-D45B6681F876}"
EndProject
Global
	GlobalSection(SolutionConfigurationPlatforms) = preSolution
		Debug|Any CPU = Debug|Any CPU
		Release|Any CPU = Release|Any CPU
	EndGlobalSection
	GlobalSection(ProjectConfigurationPlatforms) = postSolution
		{4991377A-4B4D-C25C-976A-D45B6681F876}.Debug|Any CPU.ActiveCfg = Debug|Any CPU
		{4991377A-4B4D-C25C-976A-D45B6681F876}.Debug|Any CPU.Build.0 = Debug|Any CPU
		{4991377A-4B4D-C25C-976A-D45B6681F876}.Release|Any CPU.ActiveCfg = Release|Any CPU
		{4991377A-4B4D-C25C-976A-D45B6681F876}.Release|Any CPU.Build.0 = Release|Any CPU
	EndGlobalSection
	GlobalSection(SolutionProperties) = preSolution
		HideSolutionNode = FALSE
	EndGlobalSection
	GlobalSection(MonoDevelopProperties) = preSolution
		StartupItem = Assembly-CSharp.csproj
	EndGlobalSection
EndGlobal
